
Microsoft Visual Studio Solution File, Format Version 12.00
# Visual Studio Version 17
VisualStudioVersion = 17.10.35013.160
MinimumVisualStudioVersion = 10.0.40219.1
Project("{9A19103F-16F7-4668-BE54-9A1E7A4F7556}") = "ChartCareMVC", "ChartCareMVC\ChartCareMVC.csproj", "{6AB2460E-7A7E-4688-95B2-068C06603A75}"
EndProject
Project("{9A19103F-16F7-4668-BE54-9A1E7A4F7556}") = "MVC-Tests", "MVC-Tests\MVC-Tests.csproj", "{3F41310B-7F38-458C-AA5D-EA265CAA57F2}"
EndProject
Project("{9A19103F-16F7-4668-BE54-9A1E7A4F7556}") = "ChartCareData", "ChartCareData\ChartCareData.csproj", "{7C2A300D-F515-445D-8960-0824C7BA7FB8}"
EndProject
Project("{FAE04EC0-301F-11D3-BF4B-00C04F79EFBC}") = "ChartCareBlazor", "ChartCareBlazor\ChartCareBlazor.csproj", "{D29591D5-C4AC-45A3-8644-4C0C80BCA55B}"
EndProject
Global
	GlobalSection(SolutionConfigurationPlatforms) = preSolution
		Debug|Any CPU = Debug|Any CPU
		Release|Any CPU = Release|Any CPU
	EndGlobalSection
	GlobalSection(ProjectConfigurationPlatforms) = postSolution
		{6AB2460E-7A7E-4688-95B2-068C06603A75}.Debug|Any CPU.ActiveCfg = Debug|Any CPU
		{6AB2460E-7A7E-4688-95B2-068C06603A75}.Debug|Any CPU.Build.0 = Debug|Any CPU
		{6AB2460E-7A7E-4688-95B2-068C06603A75}.Release|Any CPU.ActiveCfg = Release|Any CPU
		{6AB2460E-7A7E-4688-95B2-068C06603A75}.Release|Any CPU.Build.0 = Release|Any CPU
		{3F41310B-7F38-458C-AA5D-EA265CAA57F2}.Debug|Any CPU.ActiveCfg = Debug|Any CPU
		{3F41310B-7F38-458C-AA5D-EA265CAA57F2}.Debug|Any CPU.Build.0 = Debug|Any CPU
		{3F41310B-7F38-458C-AA5D-EA265CAA57F2}.Release|Any CPU.ActiveCfg = Release|Any CPU
		{3F41310B-7F38-458C-AA5D-EA265CAA57F2}.Release|Any CPU.Build.0 = Release|Any CPU
		{7C2A300D-F515-445D-8960-0824C7BA7FB8}.Debug|Any CPU.ActiveCfg = Debug|Any CPU
		{7C2A300D-F515-445D-8960-0824C7BA7FB8}.Debug|Any CPU.Build.0 = Debug|Any CPU
		{7C2A300D-F515-445D-8960-0824C7BA7FB8}.Release|Any CPU.ActiveCfg = Release|Any CPU
		{7C2A300D-F515-445D-8960-0824C7BA7FB8}.Release|Any CPU.Build.0 = Release|Any CPU
		{D29591D5-C4AC-45A3-8644-4C0C80BCA55B}.Debug|Any CPU.ActiveCfg = Debug|Any CPU
		{D29591D5-C4AC-45A3-8644-4C0C80BCA55B}.Debug|Any CPU.Build.0 = Debug|Any CPU
		{D29591D5-C4AC-45A3-8644-4C0C80BCA55B}.Release|Any CPU.ActiveCfg = Release|Any CPU
		{D29591D5-C4AC-45A3-8644-4C0C80BCA55B}.Release|Any CPU.Build.0 = Release|Any CPU
	EndGlobalSection
	GlobalSection(SolutionProperties) = preSolution
		HideSolutionNode = FALSE
	EndGlobalSection
	GlobalSection(ExtensibilityGlobals) = postSolution
		SolutionGuid = {93AB3972-7D28-4FC9-8F57-9C4D124C8080}
	EndGlobalSection
EndGlobal
